{
  "name": "barnaskoli-karsness-vefur",
  "version": "0.1.0",
  "lockfileVersion": 3,
  "requires": true,
  "packages": {
    "": {
      "name": "barnaskoli-karsness-vefur",
      "version": "0.1.0",
      "dependencies": {
        "@netlify/blobs": "^8.1.0"
      },
      "devDependencies": {
        "@editorjs/editorjs": "2.31.7",
        "@editorjs/header": "2.8.9",
        "@editorjs/list": "2.0.9",
        "netlify-identity-widget": "2.0.3"
      },
      "engines": {
        "node": ">=18"
      }
    },
    "node_modules/@codexteam/icons": {
      "version": "0.0.5",
      "resolved": "https://registry.npmjs.org/@codexteam/icons/-/icons-0.0.5.tgz",
      "integrity": "sha512-s6H2KXhLz2rgbMZSkRm8dsMJvyUNZsEjxobBEg9ztdrb1B2H3pEzY6iTwI4XUPJWJ3c3qRKwV4TrO3J5jUdoQA==",
      "dev": true,
      "license": "MIT"
    },
    "node_modules/@editorjs/caret": {
      "version": "1.1.0",
      "resolved": "https://registry.npmjs.org/@editorjs/caret/-/caret-1.1.0.tgz",
      "integrity": "sha512-dzUjrPV7mtqM0HR/7IwT1/1PfyMxUfe5MRXo9joFmBRDIcrQ5ikbqVxSL9+Hy5tQ+BUWBwqLUgX1UKTJylWW9Q==",
      "dev": true,
      "license": "MIT",
      "dependencies": {
        "@editorjs/dom": "^1.1.0"
      }
    },
    "node_modules/@editorjs/dom": {
      "version": "1.1.0",
      "resolved": "https://registry.npmjs.org/@editorjs/dom/-/dom-1.1.0.tgz",
      "integrity": "sha512-aH8OeS3DXCDG2WP6yt/uS6Z9PstrA3Re930boIilxtMdF7Ht+pKJrq3OJnd7OCMPVO/y7UOAmtHNesVx6v4K2g==",
      "dev": true,
      "license": "MIT",
      "dependencies": {
        "@editorjs/helpers": "^1.2.0"
      }
    },
    "node_modules/@editorjs/editorjs": {
      "version": "2.31.7",
      "resolved": "https://registry.npmjs.org/@editorjs/editorjs/-/editorjs-2.31.7.tgz",
      "integrity": "sha512-te4wI1heK3B8s0pz1asyRPEmOglfkb9ex5nvvCN5OUVDLSnohTszI+yyLI73qOIuUWxenIvJYkOuGHzh/a47Hw==",
      "dev": true,
      "license": "Apache-2.0",
      "dependencies": {
        "@editorjs/caret": "^1.0.1",
        "codex-notifier": "^1.1.2",
        "codex-tooltip": "^1.0.5"
      }
    },
    "node_modules/@editorjs/header": {
      "version": "2.8.9",
      "resolved": "https://registry.npmjs.org/@editorjs/header/-/header-2.8.9.tgz",
      "integrity": "sha512-eBL9/PLDKiE9ADZycmgps3PLz9Lw8w6rPFXr0mfHuhHQI/ynP/q1vLpyruBrRCflTLD2Dlj5nYPoJjL5mP/MFw==",
      "dev": true,
      "license": "MIT",
      "dependencies": {
        "@codexteam/icons": "^0.0.5",
        "@editorjs/editorjs": "^2.30.7"
      }
    },
    "node_modules/@editorjs/helpers": {
      "version": "1.2.2",
      "resolved": "https://registry.npmjs.org/@editorjs/helpers/-/helpers-1.2.2.tgz",
      "integrity": "sha512-saDNARvY3xd70H4KE0eBq2hlV0Z7SpfI1/1iVqyVt5PqhlEOIR5rWJFH4c63BHTa6BfiR/+PMl1n7X/X7SlptQ==",
      "dev": true,
      "license": "MIT",
      "dependencies": {
        "codex-tooltip": "^1.0.6"
      }
    },
    "node_modules/@editorjs/list": {
      "version": "2.0.9",
      "resolved": "https://registry.npmjs.org/@editorjs/list/-/list-2.0.9.tgz",
      "integrity": "sha512-rUTgDSt5wygD3Dp24bNyp6vvye/Xf4UWju0ZuvWeP13Z4cu2z1Jb5JFSTEhCou72XUGuf4xVhtsd8cm/bwUS1g==",
      "dev": true,
      "license": "MIT",
      "dependencies": {
        "@codexteam/icons": "^0.3.2"
      }
    },
    "node_modules/@editorjs/list/node_modules/@codexteam/icons": {
      "version": "0.3.3",
      "resolved": "https://registry.npmjs.org/@codexteam/icons/-/icons-0.3.3.tgz",
      "integrity": "sha512-cp7mkZPgmBuSxigTm3Vb+DtVHYeX7qXfQd7o05vcLD8Ag5WvRlol2QSn5P10k0CDAJwmkH9nQGQLBycErS9lsQ==",
      "dev": true,
      "license": "MIT"
    },
    "node_modules/@netlify/blobs": {
      "version": "8.2.0",
      "resolved": "https://registry.npmjs.org/@netlify/blobs/-/blobs-8.2.0.tgz",
      "integrity": "sha512-9djLZHBKsoKk8XCgwWSEPK9QnT8qqxEQGuYh48gFIcNLvpBKkLnHbDZuyUxmNemCfDz7h0HnMXgSPnnUVgARhg==",
      "license": "MIT",
      "engines": {
        "node": "^14.16.0 || >=16.0.0"
      }
    },
    "node_modules/codex-notifier": {
      "version": "1.1.2",
      "resolved": "https://registry.npmjs.org/codex-notifier/-/codex-notifier-1.1.2.tgz",
      "integrity": "sha512-DCp6xe/LGueJ1N5sXEwcBc3r3PyVkEEDNWCVigfvywAkeXcZMk9K41a31tkEFBW0Ptlwji6/JlAb49E3Yrxbtg==",
      "dev": true,
      "license": "MIT"
    },
    "node_modules/codex-tooltip": {
      "version": "1.0.6",
      "resolved": "https://registry.npmjs.org/codex-tooltip/-/codex-tooltip-1.0.6.tgz",
      "integrity": "sha512-3MVjBjeJFQ4jGlPuYHYV3Yj0wnl1l9ppB5zeIFJeyo8Ala3WlZYtLK5yZEoyND2fxIyVmqsZORCftDGX3vbSGQ==",
      "dev": true,
      "license": "MIT"
    },
    "node_modules/netlify-identity-widget": {
      "version": "2.0.3",
      "resolved": "https://registry.npmjs.org/netlify-identity-widget/-/netlify-identity-widget-2.0.3.tgz",
      "integrity": "sha512-kJxVUp3frEEN5cON/JDZKiyKwXB5NaFIGmBjqhAbOPCr483g9yhdjBWkXmYX9g8S6lKOSYi98gF8ROCrUK7tvw==",
      "dev": true,
      "license": "MIT",
      "engines": {
        "node": ">=20"
      }
    }
  }
}
